
Microsoft Visual Studio Solution File, Format Version 12.00
# Visual Studio Version 17
VisualStudioVersion = 17.12.35521.163 d17.12
MinimumVisualStudioVersion = 10.0.40219.1
Project("{FAE04EC0-301F-11D3-BF4B-00C04F79EFBC}") = "OidcWebClient", "OidcWebClient\OidcWebClient.csproj", "{C6C5C0CB-0558-4589-95B7-F7071F6AB1DF}"
EndProject
Project("{FAE04EC0-301F-11D3-BF4B-00C04F79EFBC}") = "OidcServer", "OidcServer\OidcServer.csproj", "{2182FAE2-DC7A-4C7B-883D-459A22A9ADB1}"
EndProject
Global
	GlobalSection(SolutionConfigurationPlatforms) = preSolution
		Debug|Any CPU = Debug|Any CPU
		Release|Any CPU = Release|Any CPU
	EndGlobalSection
	GlobalSection(ProjectConfigurationPlatforms) = postSolution
		{C6C5C0CB-0558-4589-95B7-F7071F6AB1DF}.Debug|Any CPU.ActiveCfg = Debug|Any CPU
		{C6C5C0CB-0558-4589-95B7-F7071F6AB1DF}.Debug|Any CPU.Build.0 = Debug|Any CPU
		{C6C5C0CB-0558-4589-95B7-F7071F6AB1DF}.Release|Any CPU.ActiveCfg = Release|Any CPU
		{C6C5C0CB-0558-4589-95B7-F7071F6AB1DF}.Release|Any CPU.Build.0 = Release|Any CPU
		{2182FAE2-DC7A-4C7B-883D-459A22A9ADB1}.Debug|Any CPU.ActiveCfg = Debug|Any CPU
		{2182FAE2-DC7A-4C7B-883D-459A22A9ADB1}.Debug|Any CPU.Build.0 = Debug|Any CPU
		{2182FAE2-DC7A-4C7B-883D-459A22A9ADB1}.Release|Any CPU.ActiveCfg = Release|Any CPU
		{2182FAE2-DC7A-4C7B-883D-459A22A9ADB1}.Release|Any CPU.Build.0 = Release|Any CPU
	EndGlobalSection
	GlobalSection(SolutionProperties) = preSolution
		HideSolutionNode = FALSE
	EndGlobalSection
EndGlobal
